
Microsoft Visual Studio Solution File, Format Version 12.00
# Visual Studio Version 16
VisualStudioVersion = 16.0.31911.196
MinimumVisualStudioVersion = 10.0.40219.1
Project("{9A19103F-16F7-4668-BE54-9A1E7A4F7556}") = "School Register", "School Register\School Register.csproj", "{0FB42F70-05C7-414D-8FD5-42FC153D44C6}"
EndProject
Project("{2150E333-8FDC-42A3-9474-1A3956D46DE8}") = "Data", "Data", "{D4ACE134-8BBE-470E-A663-6FB12A39C074}"
EndProject
Project("{2150E333-8FDC-42A3-9474-1A3956D46DE8}") = "Services", "Services", "{77E699BA-0A23-4E2E-B4E9-56F358E83BB2}"
EndProject
Project("{FAE04EC0-301F-11D3-BF4B-00C04F79EFBC}") = "SchoolRegister.Data", "SchoolRegister.Data\SchoolRegister.Data.csproj", "{0DE4A68A-C2F4-4ACB-93BA-0544CC0B50D3}"
EndProject
Project("{FAE04EC0-301F-11D3-BF4B-00C04F79EFBC}") = "SchoolRegister.Data.Models", "SchoolRegister.Models\SchoolRegister.Data.Models.csproj", "{58C32E84-AF5C-4749-A1E1-5CE9705E32AF}"
EndProject
Project("{FAE04EC0-301F-11D3-BF4B-00C04F79EFBC}") = "SchoolRegister.Services", "SchoolRegister.Services\SchoolRegister.Services.csproj", "{603F4396-1AC5-44CB-BFBD-8A99BF881EDB}"
EndProject
Global
	GlobalSection(SolutionConfigurationPlatforms) = preSolution
		Debug|Any CPU = Debug|Any CPU
		Release|Any CPU = Release|Any CPU
	EndGlobalSection
	GlobalSection(ProjectConfigurationPlatforms) = postSolution
		{0FB42F70-05C7-414D-8FD5-42FC153D44C6}.Debug|Any CPU.ActiveCfg = Debug|Any CPU
		{0FB42F70-05C7-414D-8FD5-42FC153D44C6}.Debug|Any CPU.Build.0 = Debug|Any CPU
		{0FB42F70-05C7-414D-8FD5-42FC153D44C6}.Release|Any CPU.ActiveCfg = Release|Any CPU
		{0FB42F70-05C7-414D-8FD5-42FC153D44C6}.Release|Any CPU.Build.0 = Release|Any CPU
		{0DE4A68A-C2F4-4ACB-93BA-0544CC0B50D3}.Debug|Any CPU.ActiveCfg = Debug|Any CPU
		{0DE4A68A-C2F4-4ACB-93BA-0544CC0B50D3}.Debug|Any CPU.Build.0 = Debug|Any CPU
		{0DE4A68A-C2F4-4ACB-93BA-0544CC0B50D3}.Release|Any CPU.ActiveCfg = Release|Any CPU
		{0DE4A68A-C2F4-4ACB-93BA-0544CC0B50D3}.Release|Any CPU.Build.0 = Release|Any CPU
		{58C32E84-AF5C-4749-A1E1-5CE9705E32AF}.Debug|Any CPU.ActiveCfg = Debug|Any CPU
		{58C32E84-AF5C-4749-A1E1-5CE9705E32AF}.Debug|Any CPU.Build.0 = Debug|Any CPU
		{58C32E84-AF5C-4749-A1E1-5CE9705E32AF}.Release|Any CPU.ActiveCfg = Release|Any CPU
		{58C32E84-AF5C-4749-A1E1-5CE9705E32AF}.Release|Any CPU.Build.0 = Release|Any CPU
		{603F4396-1AC5-44CB-BFBD-8A99BF881EDB}.Debug|Any CPU.ActiveCfg = Debug|Any CPU
		{603F4396-1AC5-44CB-BFBD-8A99BF881EDB}.Debug|Any CPU.Build.0 = Debug|Any CPU
		{603F4396-1AC5-44CB-BFBD-8A99BF881EDB}.Release|Any CPU.ActiveCfg = Release|Any CPU
		{603F4396-1AC5-44CB-BFBD-8A99BF881EDB}.Release|Any CPU.Build.0 = Release|Any CPU
	EndGlobalSection
	GlobalSection(SolutionProperties) = preSolution
		HideSolutionNode = FALSE
	EndGlobalSection
	GlobalSection(NestedProjects) = preSolution
		{0DE4A68A-C2F4-4ACB-93BA-0544CC0B50D3} = {D4ACE134-8BBE-470E-A663-6FB12A39C074}
		{58C32E84-AF5C-4749-A1E1-5CE9705E32AF} = {D4ACE134-8BBE-470E-A663-6FB12A39C074}
		{603F4396-1AC5-44CB-BFBD-8A99BF881EDB} = {77E699BA-0A23-4E2E-B4E9-56F358E83BB2}
	EndGlobalSection
	GlobalSection(ExtensibilityGlobals) = postSolution
		SolutionGuid = {B0598579-7669-4D52-9088-4480823B2795}
	EndGlobalSection
EndGlobal
