
Microsoft Visual Studio Solution File, Format Version 12.00
# Visual Studio Version 16
VisualStudioVersion = 16.0.31911.196
MinimumVisualStudioVersion = 10.0.40219.1
Project("{FAE04EC0-301F-11D3-BF4B-00C04F79EFBC}") = "School Register", "School Register\School Register.csproj", "{0FB42F70-05C7-414D-8FD5-42FC153D44C6}"
EndProject
Global
	GlobalSection(SolutionConfigurationPlatforms) = preSolution
		Debug|Any CPU = Debug|Any CPU
		Release|Any CPU = Release|Any CPU
	EndGlobalSection
	GlobalSection(ProjectConfigurationPlatforms) = postSolution
		{0FB42F70-05C7-414D-8FD5-42FC153D44C6}.Debug|Any CPU.ActiveCfg = Debug|Any CPU
		{0FB42F70-05C7-414D-8FD5-42FC153D44C6}.Debug|Any CPU.Build.0 = Debug|Any CPU
		{0FB42F70-05C7-414D-8FD5-42FC153D44C6}.Release|Any CPU.ActiveCfg = Release|Any CPU
		{0FB42F70-05C7-414D-8FD5-42FC153D44C6}.Release|Any CPU.Build.0 = Release|Any CPU
	EndGlobalSection
	GlobalSection(SolutionProperties) = preSolution
		HideSolutionNode = FALSE
	EndGlobalSection
	GlobalSection(ExtensibilityGlobals) = postSolution
		SolutionGuid = {B0598579-7669-4D52-9088-4480823B2795}
	EndGlobalSection
EndGlobal
